
Microsoft Visual Studio Solution File, Format Version 12.00
# Visual Studio Version 16
VisualStudioVersion = 16.0.31515.178
MinimumVisualStudioVersion = 10.0.40219.1
Project("{FAE04EC0-301F-11D3-BF4B-00C04F79EFBC}") = "1 SwitchCalculator", "SwitchCalculator\1 SwitchCalculator.csproj", "{4066992F-736B-4A9C-884B-496601245B2E}"
EndProject
Project("{FAE04EC0-301F-11D3-BF4B-00C04F79EFBC}") = "2 SwitchIncapsulatedFunctionsCalculator", "SwitchIncapsulatedFunctionsCalculator\2 SwitchIncapsulatedFunctionsCalculator.csproj", "{173D8FBB-C828-45D1-B731-6F49EC5CE27A}"
EndProject
Project("{FAE04EC0-301F-11D3-BF4B-00C04F79EFBC}") = "3 IncapsulatedFunctionsCalculator", "3 IncapsulatedFunctionsCalculator\3 IncapsulatedFunctionsCalculator.csproj", "{42D5DB0D-9261-4418-AB3F-5EEC3BFA0176}"
EndProject
Global
	GlobalSection(SolutionConfigurationPlatforms) = preSolution
		Debug|Any CPU = Debug|Any CPU
		Release|Any CPU = Release|Any CPU
	EndGlobalSection
	GlobalSection(ProjectConfigurationPlatforms) = postSolution
		{4066992F-736B-4A9C-884B-496601245B2E}.Debug|Any CPU.ActiveCfg = Debug|Any CPU
		{4066992F-736B-4A9C-884B-496601245B2E}.Debug|Any CPU.Build.0 = Debug|Any CPU
		{4066992F-736B-4A9C-884B-496601245B2E}.Release|Any CPU.ActiveCfg = Release|Any CPU
		{4066992F-736B-4A9C-884B-496601245B2E}.Release|Any CPU.Build.0 = Release|Any CPU
		{173D8FBB-C828-45D1-B731-6F49EC5CE27A}.Debug|Any CPU.ActiveCfg = Debug|Any CPU
		{173D8FBB-C828-45D1-B731-6F49EC5CE27A}.Debug|Any CPU.Build.0 = Debug|Any CPU
		{173D8FBB-C828-45D1-B731-6F49EC5CE27A}.Release|Any CPU.ActiveCfg = Release|Any CPU
		{173D8FBB-C828-45D1-B731-6F49EC5CE27A}.Release|Any CPU.Build.0 = Release|Any CPU
		{42D5DB0D-9261-4418-AB3F-5EEC3BFA0176}.Debug|Any CPU.ActiveCfg = Debug|Any CPU
		{42D5DB0D-9261-4418-AB3F-5EEC3BFA0176}.Debug|Any CPU.Build.0 = Debug|Any CPU
		{42D5DB0D-9261-4418-AB3F-5EEC3BFA0176}.Release|Any CPU.ActiveCfg = Release|Any CPU
		{42D5DB0D-9261-4418-AB3F-5EEC3BFA0176}.Release|Any CPU.Build.0 = Release|Any CPU
	EndGlobalSection
	GlobalSection(SolutionProperties) = preSolution
		HideSolutionNode = FALSE
	EndGlobalSection
	GlobalSection(ExtensibilityGlobals) = postSolution
		SolutionGuid = {891DC5BC-70FD-485D-AC1C-916A8F0E3319}
	EndGlobalSection
EndGlobal
